
Microsoft Visual Studio Solution File, Format Version 12.00
# Visual Studio Version 16
VisualStudioVersion = 16.0.30330.147
MinimumVisualStudioVersion = 10.0.40219.1
Project("{FAE04EC0-301F-11D3-BF4B-00C04F79EFBC}") = "Hospital Management", "Hospital Management\Hospital Management.csproj", "{B64A04CD-A4E4-495D-A18D-ED4630C4CF72}"
EndProject
Global
	GlobalSection(SolutionConfigurationPlatforms) = preSolution
		Debug|Any CPU = Debug|Any CPU
		Release|Any CPU = Release|Any CPU
	EndGlobalSection
	GlobalSection(ProjectConfigurationPlatforms) = postSolution
		{B64A04CD-A4E4-495D-A18D-ED4630C4CF72}.Debug|Any CPU.ActiveCfg = Debug|Any CPU
		{B64A04CD-A4E4-495D-A18D-ED4630C4CF72}.Debug|Any CPU.Build.0 = Debug|Any CPU
		{B64A04CD-A4E4-495D-A18D-ED4630C4CF72}.Release|Any CPU.ActiveCfg = Release|Any CPU
		{B64A04CD-A4E4-495D-A18D-ED4630C4CF72}.Release|Any CPU.Build.0 = Release|Any CPU
	EndGlobalSection
	GlobalSection(SolutionProperties) = preSolution
		HideSolutionNode = FALSE
	EndGlobalSection
	GlobalSection(ExtensibilityGlobals) = postSolution
		SolutionGuid = {EC38B4A0-6212-4C35-942F-9A3ECF21D27F}
	EndGlobalSection
EndGlobal
